// !$*UTF8*$!
{
	archiveVersion = 1;
	classes = {
	};
	objectVersion = 56;
	objects = {

/* Begin PBXBuildFile section */
		F71236772CD1A9B50041A336 /* Tracker.swift in Sources */ = {isa = PBXBuildFile; fileRef = F71236762CD1A9B50041A336 /* Tracker.swift */; };
		F71236792CD1A9C40041A336 /* TrackerCategory.swift in Sources */ = {isa = PBXBuildFile; fileRef = F71236782CD1A9C40041A336 /* TrackerCategory.swift */; };
		F712367B2CD1A9D40041A336 /* TrackerRecord.swift in Sources */ = {isa = PBXBuildFile; fileRef = F712367A2CD1A9D40041A336 /* TrackerRecord.swift */; };
		F71CDF432CE8DD8B0021F0D3 /* Weekday.swift in Sources */ = {isa = PBXBuildFile; fileRef = F71CDF422CE8DD8B0021F0D3 /* Weekday.swift */; };
		F71CDF462CE8DE840021F0D3 /* UIColor+Hex.swift in Sources */ = {isa = PBXBuildFile; fileRef = F71CDF452CE8DE840021F0D3 /* UIColor+Hex.swift */; };
		F71CDF482CE8DEED0021F0D3 /* TrackerType.swift in Sources */ = {isa = PBXBuildFile; fileRef = F71CDF472CE8DEED0021F0D3 /* TrackerType.swift */; };
		F71CDF4A2CE8E1340021F0D3 /* Constants.swift in Sources */ = {isa = PBXBuildFile; fileRef = F71CDF492CE8E1340021F0D3 /* Constants.swift */; };
		F71CDF4C2CE8E14B0021F0D3 /* MockData.swift in Sources */ = {isa = PBXBuildFile; fileRef = F71CDF4B2CE8E14B0021F0D3 /* MockData.swift */; };
		F72274562C677056004C0971 /* TrackersViewController.swift in Sources */ = {isa = PBXBuildFile; fileRef = F72274552C677056004C0971 /* TrackersViewController.swift */; };
		F724BE182D2B18EB0019E4CB /* XCTest.framework in Frameworks */ = {isa = PBXBuildFile; fileRef = F7E228222D2B0A7F00B54766 /* XCTest.framework */; };
		F737414C2D1F229800CB69FC /* TrackerModel.xcdatamodeld in Sources */ = {isa = PBXBuildFile; fileRef = F737414A2D1F229800CB69FC /* TrackerModel.xcdatamodeld */; };
		F737414E2D23165800CB69FC /* PlaceholderPresenter.swift in Sources */ = {isa = PBXBuildFile; fileRef = F737414D2D23165800CB69FC /* PlaceholderPresenter.swift */; };
		F73741522D2AA97800CB69FC /* Date+Extensions.swift in Sources */ = {isa = PBXBuildFile; fileRef = F73741512D2AA97800CB69FC /* Date+Extensions.swift */; };
		F73741542D2AB79B00CB69FC /* Array+Extensions.swift in Sources */ = {isa = PBXBuildFile; fileRef = F73741532D2AB79B00CB69FC /* Array+Extensions.swift */; };
		F756F7842CF5EF4F0082EE33 /* CoreDataStack.swift in Sources */ = {isa = PBXBuildFile; fileRef = F756F7832CF5EF4F0082EE33 /* CoreDataStack.swift */; };
		F756F7862CF5F0D60082EE33 /* TrackerStore.swift in Sources */ = {isa = PBXBuildFile; fileRef = F756F7852CF5F0D60082EE33 /* TrackerStore.swift */; };
		F756F7882CF5F10C0082EE33 /* TrackerCategoryStore.swift in Sources */ = {isa = PBXBuildFile; fileRef = F756F7872CF5F10C0082EE33 /* TrackerCategoryStore.swift */; };
		F756F78A2CF5F12F0082EE33 /* TrackerRecordStore.swift in Sources */ = {isa = PBXBuildFile; fileRef = F756F7892CF5F12F0082EE33 /* TrackerRecordStore.swift */; };
		F756F78C2CF5F16D0082EE33 /* WeekdayStore.swift in Sources */ = {isa = PBXBuildFile; fileRef = F756F78B2CF5F16D0082EE33 /* WeekdayStore.swift */; };
		F75AEFBF2D2B3E0E004D4B2E /* InlineSnapshotTesting in Frameworks */ = {isa = PBXBuildFile; productRef = F75AEFBE2D2B3E0E004D4B2E /* InlineSnapshotTesting */; };
		F75AEFC12D2B3E0E004D4B2E /* SnapshotTesting in Frameworks */ = {isa = PBXBuildFile; productRef = F75AEFC02D2B3E0E004D4B2E /* SnapshotTesting */; };
		F77F91692C67F0F400E14393 /* TabBarViewController.swift in Sources */ = {isa = PBXBuildFile; fileRef = F77F91682C67F0F400E14393 /* TabBarViewController.swift */; };
		F77F916B2C67F2D400E14393 /* ProjectColors.swift in Sources */ = {isa = PBXBuildFile; fileRef = F77F916A2C67F2D400E14393 /* ProjectColors.swift */; };
		F77F916D2C68042100E14393 /* StatisticViewController.swift in Sources */ = {isa = PBXBuildFile; fileRef = F77F916C2C68042100E14393 /* StatisticViewController.swift */; };
		F78991962CE9105800A39F11 /* EventViewController.swift in Sources */ = {isa = PBXBuildFile; fileRef = F78991952CE9105800A39F11 /* EventViewController.swift */; };
		F78DFDB22CFFA24700068AA4 /* CategoryViewController.swift in Sources */ = {isa = PBXBuildFile; fileRef = F78DFDB12CFFA24700068AA4 /* CategoryViewController.swift */; };
		F78DFDB42CFFBCDD00068AA4 /* CategoryViewModel.swift in Sources */ = {isa = PBXBuildFile; fileRef = F78DFDB32CFFBCDD00068AA4 /* CategoryViewModel.swift */; };
		F78DFDB62CFFC4E000068AA4 /* NewCategoryViewModel.swift in Sources */ = {isa = PBXBuildFile; fileRef = F78DFDB52CFFC4E000068AA4 /* NewCategoryViewModel.swift */; };
		F78DFDB82CFFC5B200068AA4 /* NewCategoryViewController.swift in Sources */ = {isa = PBXBuildFile; fileRef = F78DFDB72CFFC5B200068AA4 /* NewCategoryViewController.swift */; };
		F796B7112D08D50900E53884 /* OnboardingPageViewController.swift in Sources */ = {isa = PBXBuildFile; fileRef = F796B7102D08D50900E53884 /* OnboardingPageViewController.swift */; };
		F796B7152D08E87E00E53884 /* OnboardingViewController.swift in Sources */ = {isa = PBXBuildFile; fileRef = F796B7142D08E87E00E53884 /* OnboardingViewController.swift */; };
		F796B7172D0B726E00E53884 /* CategoryCell.swift in Sources */ = {isa = PBXBuildFile; fileRef = F796B7162D0B726E00E53884 /* CategoryCell.swift */; };
		F7A122232D1150A30027CC34 /* ContextMenuManager.swift in Sources */ = {isa = PBXBuildFile; fileRef = F7A122222D1150A30027CC34 /* ContextMenuManager.swift */; };
		F7A122252D11C9730027CC34 /* AlertService.swift in Sources */ = {isa = PBXBuildFile; fileRef = F7A122242D11C9730027CC34 /* AlertService.swift */; };
		F7AE2A192CEE590E0099D265 /* Assets+Generated.swift in Sources */ = {isa = PBXBuildFile; fileRef = F7AE2A172CEE590E0099D265 /* Assets+Generated.swift */; };
		F7AF2C362C595A86003831AC /* AppDelegate.swift in Sources */ = {isa = PBXBuildFile; fileRef = F7AF2C352C595A86003831AC /* AppDelegate.swift */; };
		F7AF2C382C595A86003831AC /* SceneDelegate.swift in Sources */ = {isa = PBXBuildFile; fileRef = F7AF2C372C595A86003831AC /* SceneDelegate.swift */; };
		F7AF2C3F2C595A88003831AC /* Assets.xcassets in Resources */ = {isa = PBXBuildFile; fileRef = F7AF2C3E2C595A88003831AC /* Assets.xcassets */; };
		F7AF2C422C595A88003831AC /* LaunchScreen.storyboard in Resources */ = {isa = PBXBuildFile; fileRef = F7AF2C402C595A88003831AC /* LaunchScreen.storyboard */; };
		F7D0056B2D134F260030E05B /* EditableTracker.swift in Sources */ = {isa = PBXBuildFile; fileRef = F7D0056A2D134F260030E05B /* EditableTracker.swift */; };
		F7D005782D1702330030E05B /* FilterViewController.swift in Sources */ = {isa = PBXBuildFile; fileRef = F7D005772D1702330030E05B /* FilterViewController.swift */; };
		F7D0057A2D1702920030E05B /* TrackerFilter.swift in Sources */ = {isa = PBXBuildFile; fileRef = F7D005792D1702920030E05B /* TrackerFilter.swift */; };
		F7D0057C2D1787F10030E05B /* StatisticViewControllerCell.swift in Sources */ = {isa = PBXBuildFile; fileRef = F7D0057B2D1787F10030E05B /* StatisticViewControllerCell.swift */; };
		F7D0057F2D1817F90030E05B /* Statistic.swift in Sources */ = {isa = PBXBuildFile; fileRef = F7D0057E2D1817F90030E05B /* Statistic.swift */; };
		F7D1EBB32CD83D8000DD2085 /* TrackerTypeSelectionViewController.swift in Sources */ = {isa = PBXBuildFile; fileRef = F7D1EBB22CD83D8000DD2085 /* TrackerTypeSelectionViewController.swift */; };
		F7D1EBB52CD96D2F00DD2085 /* TrackerCell.swift in Sources */ = {isa = PBXBuildFile; fileRef = F7D1EBB42CD96D2F00DD2085 /* TrackerCell.swift */; };
		F7D1EBBF2CDAEA1D00DD2085 /* EventViewControllerCell.swift in Sources */ = {isa = PBXBuildFile; fileRef = F7D1EBBE2CDAEA1D00DD2085 /* EventViewControllerCell.swift */; };
		F7E228192D2AFEE400B54766 /* TrackerTests.swift in Sources */ = {isa = PBXBuildFile; fileRef = F7E228182D2AFEE400B54766 /* TrackerTests.swift */; };
		F7EB95372CDFE15F007F0D08 /* ScheduleViewController.swift in Sources */ = {isa = PBXBuildFile; fileRef = F7EB95362CDFE15F007F0D08 /* ScheduleViewController.swift */; };
		F7EB95392CE12158007F0D08 /* ScheduleCell.swift in Sources */ = {isa = PBXBuildFile; fileRef = F7EB95382CE12158007F0D08 /* ScheduleCell.swift */; };
		F7EB953B2CE145FB007F0D08 /* TrackerCategoryHeader.swift in Sources */ = {isa = PBXBuildFile; fileRef = F7EB953A2CE145FB007F0D08 /* TrackerCategoryHeader.swift */; };
		F7EB95412CE4DC7F007F0D08 /* Notification.swift in Sources */ = {isa = PBXBuildFile; fileRef = F7EB95402CE4DC7F007F0D08 /* Notification.swift */; };
/* End PBXBuildFile section */

/* Begin PBXContainerItemProxy section */
		F7E2281A2D2AFEE400B54766 /* PBXContainerItemProxy */ = {
			isa = PBXContainerItemProxy;
			containerPortal = F7AF2C2A2C595A86003831AC /* Project object */;
			proxyType = 1;
			remoteGlobalIDString = F7AF2C312C595A86003831AC;
			remoteInfo = Tracker;
		};
/* End PBXContainerItemProxy section */

/* Begin PBXFileReference section */
		F71236762CD1A9B50041A336 /* Tracker.swift */ = {isa = PBXFileReference; lastKnownFileType = sourcecode.swift; path = Tracker.swift; sourceTree = "<group>"; };
		F71236782CD1A9C40041A336 /* TrackerCategory.swift */ = {isa = PBXFileReference; lastKnownFileType = sourcecode.swift; path = TrackerCategory.swift; sourceTree = "<group>"; };
		F712367A2CD1A9D40041A336 /* TrackerRecord.swift */ = {isa = PBXFileReference; lastKnownFileType = sourcecode.swift; path = TrackerRecord.swift; sourceTree = "<group>"; };
		F71CDF422CE8DD8B0021F0D3 /* Weekday.swift */ = {isa = PBXFileReference; lastKnownFileType = sourcecode.swift; path = Weekday.swift; sourceTree = "<group>"; };
		F71CDF452CE8DE840021F0D3 /* UIColor+Hex.swift */ = {isa = PBXFileReference; lastKnownFileType = sourcecode.swift; path = "UIColor+Hex.swift"; sourceTree = "<group>"; };
		F71CDF472CE8DEED0021F0D3 /* TrackerType.swift */ = {isa = PBXFileReference; lastKnownFileType = sourcecode.swift; path = TrackerType.swift; sourceTree = "<group>"; };
		F71CDF492CE8E1340021F0D3 /* Constants.swift */ = {isa = PBXFileReference; lastKnownFileType = sourcecode.swift; path = Constants.swift; sourceTree = "<group>"; };
		F71CDF4B2CE8E14B0021F0D3 /* MockData.swift */ = {isa = PBXFileReference; lastKnownFileType = sourcecode.swift; path = MockData.swift; sourceTree = "<group>"; };
		F72274552C677056004C0971 /* TrackersViewController.swift */ = {isa = PBXFileReference; lastKnownFileType = sourcecode.swift; path = TrackersViewController.swift; sourceTree = "<group>"; };
		F737414B2D1F229800CB69FC /* TrackerModel.xcdatamodel */ = {isa = PBXFileReference; lastKnownFileType = wrapper.xcdatamodel; path = TrackerModel.xcdatamodel; sourceTree = "<group>"; };
		F737414D2D23165800CB69FC /* PlaceholderPresenter.swift */ = {isa = PBXFileReference; lastKnownFileType = sourcecode.swift; path = PlaceholderPresenter.swift; sourceTree = "<group>"; };
		F73741512D2AA97800CB69FC /* Date+Extensions.swift */ = {isa = PBXFileReference; lastKnownFileType = sourcecode.swift; path = "Date+Extensions.swift"; sourceTree = "<group>"; };
		F73741532D2AB79B00CB69FC /* Array+Extensions.swift */ = {isa = PBXFileReference; lastKnownFileType = sourcecode.swift; path = "Array+Extensions.swift"; sourceTree = "<group>"; };
		F756F7832CF5EF4F0082EE33 /* CoreDataStack.swift */ = {isa = PBXFileReference; lastKnownFileType = sourcecode.swift; path = CoreDataStack.swift; sourceTree = "<group>"; };
		F756F7852CF5F0D60082EE33 /* TrackerStore.swift */ = {isa = PBXFileReference; lastKnownFileType = sourcecode.swift; path = TrackerStore.swift; sourceTree = "<group>"; };
		F756F7872CF5F10C0082EE33 /* TrackerCategoryStore.swift */ = {isa = PBXFileReference; lastKnownFileType = sourcecode.swift; path = TrackerCategoryStore.swift; sourceTree = "<group>"; };
		F756F7892CF5F12F0082EE33 /* TrackerRecordStore.swift */ = {isa = PBXFileReference; lastKnownFileType = sourcecode.swift; path = TrackerRecordStore.swift; sourceTree = "<group>"; };
		F756F78B2CF5F16D0082EE33 /* WeekdayStore.swift */ = {isa = PBXFileReference; lastKnownFileType = sourcecode.swift; path = WeekdayStore.swift; sourceTree = "<group>"; };
		F77F91682C67F0F400E14393 /* TabBarViewController.swift */ = {isa = PBXFileReference; lastKnownFileType = sourcecode.swift; path = TabBarViewController.swift; sourceTree = "<group>"; };
		F77F916A2C67F2D400E14393 /* ProjectColors.swift */ = {isa = PBXFileReference; lastKnownFileType = sourcecode.swift; path = ProjectColors.swift; sourceTree = "<group>"; };
		F77F916C2C68042100E14393 /* StatisticViewController.swift */ = {isa = PBXFileReference; lastKnownFileType = sourcecode.swift; path = StatisticViewController.swift; sourceTree = "<group>"; };
		F78991952CE9105800A39F11 /* EventViewController.swift */ = {isa = PBXFileReference; lastKnownFileType = sourcecode.swift; path = EventViewController.swift; sourceTree = "<group>"; };
		F78DFDB12CFFA24700068AA4 /* CategoryViewController.swift */ = {isa = PBXFileReference; lastKnownFileType = sourcecode.swift; path = CategoryViewController.swift; sourceTree = "<group>"; };
		F78DFDB32CFFBCDD00068AA4 /* CategoryViewModel.swift */ = {isa = PBXFileReference; lastKnownFileType = sourcecode.swift; path = CategoryViewModel.swift; sourceTree = "<group>"; };
		F78DFDB52CFFC4E000068AA4 /* NewCategoryViewModel.swift */ = {isa = PBXFileReference; lastKnownFileType = sourcecode.swift; path = NewCategoryViewModel.swift; sourceTree = "<group>"; };
		F78DFDB72CFFC5B200068AA4 /* NewCategoryViewController.swift */ = {isa = PBXFileReference; lastKnownFileType = sourcecode.swift; path = NewCategoryViewController.swift; sourceTree = "<group>"; };
		F796B7102D08D50900E53884 /* OnboardingPageViewController.swift */ = {isa = PBXFileReference; lastKnownFileType = sourcecode.swift; path = OnboardingPageViewController.swift; sourceTree = "<group>"; };
		F796B7142D08E87E00E53884 /* OnboardingViewController.swift */ = {isa = PBXFileReference; lastKnownFileType = sourcecode.swift; path = OnboardingViewController.swift; sourceTree = "<group>"; };
		F796B7162D0B726E00E53884 /* CategoryCell.swift */ = {isa = PBXFileReference; lastKnownFileType = sourcecode.swift; path = CategoryCell.swift; sourceTree = "<group>"; };
		F7A122222D1150A30027CC34 /* ContextMenuManager.swift */ = {isa = PBXFileReference; lastKnownFileType = sourcecode.swift; path = ContextMenuManager.swift; sourceTree = "<group>"; };
		F7A122242D11C9730027CC34 /* AlertService.swift */ = {isa = PBXFileReference; lastKnownFileType = sourcecode.swift; path = AlertService.swift; sourceTree = "<group>"; };
		F7AE2A172CEE590E0099D265 /* Assets+Generated.swift */ = {isa = PBXFileReference; fileEncoding = 4; lastKnownFileType = sourcecode.swift; path = "Assets+Generated.swift"; sourceTree = "<group>"; };
		F7AF2C322C595A86003831AC /* Tracker.app */ = {isa = PBXFileReference; explicitFileType = wrapper.application; includeInIndex = 0; path = Tracker.app; sourceTree = BUILT_PRODUCTS_DIR; };
		F7AF2C352C595A86003831AC /* AppDelegate.swift */ = {isa = PBXFileReference; lastKnownFileType = sourcecode.swift; path = AppDelegate.swift; sourceTree = "<group>"; };
		F7AF2C372C595A86003831AC /* SceneDelegate.swift */ = {isa = PBXFileReference; lastKnownFileType = sourcecode.swift; path = SceneDelegate.swift; sourceTree = "<group>"; };
		F7AF2C3E2C595A88003831AC /* Assets.xcassets */ = {isa = PBXFileReference; lastKnownFileType = folder.assetcatalog; path = Assets.xcassets; sourceTree = "<group>"; };
		F7AF2C412C595A88003831AC /* Base */ = {isa = PBXFileReference; lastKnownFileType = file.storyboard; name = Base; path = Base.lproj/LaunchScreen.storyboard; sourceTree = "<group>"; };
		F7AF2C432C595A88003831AC /* Info.plist */ = {isa = PBXFileReference; lastKnownFileType = text.plist.xml; path = Info.plist; sourceTree = "<group>"; };
		F7D0056A2D134F260030E05B /* EditableTracker.swift */ = {isa = PBXFileReference; lastKnownFileType = sourcecode.swift; path = EditableTracker.swift; sourceTree = "<group>"; };
		F7D005772D1702330030E05B /* FilterViewController.swift */ = {isa = PBXFileReference; lastKnownFileType = sourcecode.swift; path = FilterViewController.swift; sourceTree = "<group>"; };
		F7D005792D1702920030E05B /* TrackerFilter.swift */ = {isa = PBXFileReference; lastKnownFileType = sourcecode.swift; path = TrackerFilter.swift; sourceTree = "<group>"; };
		F7D0057B2D1787F10030E05B /* StatisticViewControllerCell.swift */ = {isa = PBXFileReference; lastKnownFileType = sourcecode.swift; path = StatisticViewControllerCell.swift; sourceTree = "<group>"; };
		F7D0057E2D1817F90030E05B /* Statistic.swift */ = {isa = PBXFileReference; lastKnownFileType = sourcecode.swift; path = Statistic.swift; sourceTree = "<group>"; };
		F7D1EBB22CD83D8000DD2085 /* TrackerTypeSelectionViewController.swift */ = {isa = PBXFileReference; lastKnownFileType = sourcecode.swift; path = TrackerTypeSelectionViewController.swift; sourceTree = "<group>"; };
		F7D1EBB42CD96D2F00DD2085 /* TrackerCell.swift */ = {isa = PBXFileReference; lastKnownFileType = sourcecode.swift; path = TrackerCell.swift; sourceTree = "<group>"; };
		F7D1EBBE2CDAEA1D00DD2085 /* EventViewControllerCell.swift */ = {isa = PBXFileReference; lastKnownFileType = sourcecode.swift; path = EventViewControllerCell.swift; sourceTree = "<group>"; };
		F7E228162D2AFEE400B54766 /* TrackerTests.xctest */ = {isa = PBXFileReference; explicitFileType = wrapper.cfbundle; includeInIndex = 0; path = TrackerTests.xctest; sourceTree = BUILT_PRODUCTS_DIR; };
		F7E228182D2AFEE400B54766 /* TrackerTests.swift */ = {isa = PBXFileReference; lastKnownFileType = sourcecode.swift; path = TrackerTests.swift; sourceTree = "<group>"; };
		F7E228222D2B0A7F00B54766 /* XCTest.framework */ = {isa = PBXFileReference; lastKnownFileType = wrapper.framework; name = XCTest.framework; path = Platforms/iPhoneOS.platform/Developer/Library/Frameworks/XCTest.framework; sourceTree = DEVELOPER_DIR; };
		F7EB95362CDFE15F007F0D08 /* ScheduleViewController.swift */ = {isa = PBXFileReference; lastKnownFileType = sourcecode.swift; path = ScheduleViewController.swift; sourceTree = "<group>"; };
		F7EB95382CE12158007F0D08 /* ScheduleCell.swift */ = {isa = PBXFileReference; lastKnownFileType = sourcecode.swift; path = ScheduleCell.swift; sourceTree = "<group>"; };
		F7EB953A2CE145FB007F0D08 /* TrackerCategoryHeader.swift */ = {isa = PBXFileReference; lastKnownFileType = sourcecode.swift; path = TrackerCategoryHeader.swift; sourceTree = "<group>"; };
		F7EB95402CE4DC7F007F0D08 /* Notification.swift */ = {isa = PBXFileReference; lastKnownFileType = sourcecode.swift; path = Notification.swift; sourceTree = "<group>"; };
/* End PBXFileReference section */

/* Begin PBXFrameworksBuildPhase section */
		F7AF2C2F2C595A86003831AC /* Frameworks */ = {
			isa = PBXFrameworksBuildPhase;
			buildActionMask = 2147483647;
			files = (
			);
			runOnlyForDeploymentPostprocessing = 0;
		};
		F7E228132D2AFEE400B54766 /* Frameworks */ = {
			isa = PBXFrameworksBuildPhase;
			buildActionMask = 2147483647;
			files = (
				F75AEFC12D2B3E0E004D4B2E /* SnapshotTesting in Frameworks */,
				F75AEFBF2D2B3E0E004D4B2E /* InlineSnapshotTesting in Frameworks */,
				F724BE182D2B18EB0019E4CB /* XCTest.framework in Frameworks */,
			);
			runOnlyForDeploymentPostprocessing = 0;
		};
/* End PBXFrameworksBuildPhase section */

/* Begin PBXGroup section */
		F71CDF442CE8DDA40021F0D3 /* Helpers */ = {
			isa = PBXGroup;
			children = (
				F7EB95402CE4DC7F007F0D08 /* Notification.swift */,
				F71CDF452CE8DE840021F0D3 /* UIColor+Hex.swift */,
				F71CDF492CE8E1340021F0D3 /* Constants.swift */,
				F71CDF4B2CE8E14B0021F0D3 /* MockData.swift */,
				F737414D2D23165800CB69FC /* PlaceholderPresenter.swift */,
				F73741512D2AA97800CB69FC /* Date+Extensions.swift */,
				F73741532D2AB79B00CB69FC /* Array+Extensions.swift */,
			);
			path = Helpers;
			sourceTree = "<group>";
		};
		F72274522C67611E004C0971 /* Resources */ = {
			isa = PBXGroup;
			children = (
				F7AE2A182CEE590E0099D265 /* Generated */,
				F7AF2C3E2C595A88003831AC /* Assets.xcassets */,
				F77F916A2C67F2D400E14393 /* ProjectColors.swift */,
			);
			path = Resources;
			sourceTree = "<group>";
		};
		F785CD602D0E548800F5AD56 /* CoreData */ = {
			isa = PBXGroup;
			children = (
				F737414A2D1F229800CB69FC /* TrackerModel.xcdatamodeld */,
				F756F78B2CF5F16D0082EE33 /* WeekdayStore.swift */,
				F756F7832CF5EF4F0082EE33 /* CoreDataStack.swift */,
				F756F7852CF5F0D60082EE33 /* TrackerStore.swift */,
				F756F7872CF5F10C0082EE33 /* TrackerCategoryStore.swift */,
				F756F7892CF5F12F0082EE33 /* TrackerRecordStore.swift */,
			);
			path = CoreData;
			sourceTree = "<group>";
		};
		F785CD622D0E550700F5AD56 /* Features */ = {
			isa = PBXGroup;
			children = (
				F7D005762D17020A0030E05B /* Filter */,
				F785CD702D0E577500F5AD56 /* Statistics */,
				F785CD6E2D0E574400F5AD56 /* Events */,
				F785CD6C2D0E56C800F5AD56 /* Schedule */,
				F785CD682D0E55D000F5AD56 /* TrackerCategories */,
				F785CD652D0E555800F5AD56 /* Trackers */,
				F785CD632D0E551C00F5AD56 /* Onboarding */,
			);
			path = Features;
			sourceTree = "<group>";
		};
		F785CD632D0E551C00F5AD56 /* Onboarding */ = {
			isa = PBXGroup;
			children = (
				F785CD642D0E553100F5AD56 /* Views */,
			);
			path = Onboarding;
			sourceTree = "<group>";
		};
		F785CD642D0E553100F5AD56 /* Views */ = {
			isa = PBXGroup;
			children = (
				F796B7102D08D50900E53884 /* OnboardingPageViewController.swift */,
				F796B7142D08E87E00E53884 /* OnboardingViewController.swift */,
			);
			path = Views;
			sourceTree = "<group>";
		};
		F785CD652D0E555800F5AD56 /* Trackers */ = {
			isa = PBXGroup;
			children = (
				F785CD672D0E558400F5AD56 /* Models */,
				F785CD662D0E557700F5AD56 /* Views */,
			);
			path = Trackers;
			sourceTree = "<group>";
		};
		F785CD662D0E557700F5AD56 /* Views */ = {
			isa = PBXGroup;
			children = (
				F72274552C677056004C0971 /* TrackersViewController.swift */,
				F7EB953A2CE145FB007F0D08 /* TrackerCategoryHeader.swift */,
				F7D1EBB42CD96D2F00DD2085 /* TrackerCell.swift */,
			);
			path = Views;
			sourceTree = "<group>";
		};
		F785CD672D0E558400F5AD56 /* Models */ = {
			isa = PBXGroup;
			children = (
				F71236762CD1A9B50041A336 /* Tracker.swift */,
				F71CDF472CE8DEED0021F0D3 /* TrackerType.swift */,
				F712367A2CD1A9D40041A336 /* TrackerRecord.swift */,
				F7D0056A2D134F260030E05B /* EditableTracker.swift */,
			);
			path = Models;
			sourceTree = "<group>";
		};
		F785CD682D0E55D000F5AD56 /* TrackerCategories */ = {
			isa = PBXGroup;
			children = (
				F785CD6B2D0E563500F5AD56 /* Models */,
				F785CD6A2D0E562700F5AD56 /* ViewModels */,
				F785CD692D0E561A00F5AD56 /* Views */,
			);
			path = TrackerCategories;
			sourceTree = "<group>";
		};
		F785CD692D0E561A00F5AD56 /* Views */ = {
			isa = PBXGroup;
			children = (
				F78DFDB12CFFA24700068AA4 /* CategoryViewController.swift */,
				F78DFDB72CFFC5B200068AA4 /* NewCategoryViewController.swift */,
				F796B7162D0B726E00E53884 /* CategoryCell.swift */,
			);
			path = Views;
			sourceTree = "<group>";
		};
		F785CD6A2D0E562700F5AD56 /* ViewModels */ = {
			isa = PBXGroup;
			children = (
				F78DFDB32CFFBCDD00068AA4 /* CategoryViewModel.swift */,
				F78DFDB52CFFC4E000068AA4 /* NewCategoryViewModel.swift */,
			);
			path = ViewModels;
			sourceTree = "<group>";
		};
		F785CD6B2D0E563500F5AD56 /* Models */ = {
			isa = PBXGroup;
			children = (
				F71236782CD1A9C40041A336 /* TrackerCategory.swift */,
			);
			path = Models;
			sourceTree = "<group>";
		};
		F785CD6C2D0E56C800F5AD56 /* Schedule */ = {
			isa = PBXGroup;
			children = (
				F785CD722D0E584400F5AD56 /* Models */,
				F785CD6D2D0E56CF00F5AD56 /* Views */,
			);
			path = Schedule;
			sourceTree = "<group>";
		};
		F785CD6D2D0E56CF00F5AD56 /* Views */ = {
			isa = PBXGroup;
			children = (
				F7EB95362CDFE15F007F0D08 /* ScheduleViewController.swift */,
				F7EB95382CE12158007F0D08 /* ScheduleCell.swift */,
			);
			path = Views;
			sourceTree = "<group>";
		};
		F785CD6E2D0E574400F5AD56 /* Events */ = {
			isa = PBXGroup;
			children = (
				F785CD6F2D0E575B00F5AD56 /* Views */,
			);
			path = Events;
			sourceTree = "<group>";
		};
		F785CD6F2D0E575B00F5AD56 /* Views */ = {
			isa = PBXGroup;
			children = (
				F7D1EBB22CD83D8000DD2085 /* TrackerTypeSelectionViewController.swift */,
				F7D1EBBE2CDAEA1D00DD2085 /* EventViewControllerCell.swift */,
				F78991952CE9105800A39F11 /* EventViewController.swift */,
			);
			path = Views;
			sourceTree = "<group>";
		};
		F785CD702D0E577500F5AD56 /* Statistics */ = {
			isa = PBXGroup;
			children = (
				F7D0057D2D1817E60030E05B /* Models */,
				F785CD712D0E578100F5AD56 /* Views */,
			);
			path = Statistics;
			sourceTree = "<group>";
		};
		F785CD712D0E578100F5AD56 /* Views */ = {
			isa = PBXGroup;
			children = (
				F77F916C2C68042100E14393 /* StatisticViewController.swift */,
				F7D0057B2D1787F10030E05B /* StatisticViewControllerCell.swift */,
			);
			path = Views;
			sourceTree = "<group>";
		};
		F785CD722D0E584400F5AD56 /* Models */ = {
			isa = PBXGroup;
			children = (
				F71CDF422CE8DD8B0021F0D3 /* Weekday.swift */,
			);
			path = Models;
			sourceTree = "<group>";
		};
		F7A122212D1150700027CC34 /* Services */ = {
			isa = PBXGroup;
			children = (
				F7A122222D1150A30027CC34 /* ContextMenuManager.swift */,
				F7A122242D11C9730027CC34 /* AlertService.swift */,
			);
			path = Services;
			sourceTree = "<group>";
		};
		F7AE2A182CEE590E0099D265 /* Generated */ = {
			isa = PBXGroup;
			children = (
				F7AE2A172CEE590E0099D265 /* Assets+Generated.swift */,
			);
			path = Generated;
			sourceTree = "<group>";
		};
		F7AF2C292C595A86003831AC = {
			isa = PBXGroup;
			children = (
				F7AF2C342C595A86003831AC /* Tracker */,
				F7E228172D2AFEE400B54766 /* TrackerTests */,
				F7AF2C332C595A86003831AC /* Products */,
				F7E2281F2D2B0A5600B54766 /* Frameworks */,
			);
			sourceTree = "<group>";
		};
		F7AF2C332C595A86003831AC /* Products */ = {
			isa = PBXGroup;
			children = (
				F7AF2C322C595A86003831AC /* Tracker.app */,
				F7E228162D2AFEE400B54766 /* TrackerTests.xctest */,
			);
			name = Products;
			sourceTree = "<group>";
		};
		F7AF2C342C595A86003831AC /* Tracker */ = {
			isa = PBXGroup;
			children = (
				F7A122212D1150700027CC34 /* Services */,
				F785CD622D0E550700F5AD56 /* Features */,
				F785CD602D0E548800F5AD56 /* CoreData */,
				F71CDF442CE8DDA40021F0D3 /* Helpers */,
				F7AF2C352C595A86003831AC /* AppDelegate.swift */,
				F7AF2C372C595A86003831AC /* SceneDelegate.swift */,
				F77F91682C67F0F400E14393 /* TabBarViewController.swift */,
				F7AF2C402C595A88003831AC /* LaunchScreen.storyboard */,
				F7AF2C432C595A88003831AC /* Info.plist */,
				F72274522C67611E004C0971 /* Resources */,
			);
			path = Tracker;
			sourceTree = "<group>";
		};
		F7D005762D17020A0030E05B /* Filter */ = {
			isa = PBXGroup;
			children = (
				F7D005772D1702330030E05B /* FilterViewController.swift */,
				F7D005792D1702920030E05B /* TrackerFilter.swift */,
			);
			path = Filter;
			sourceTree = "<group>";
		};
		F7D0057D2D1817E60030E05B /* Models */ = {
			isa = PBXGroup;
			children = (
				F7D0057E2D1817F90030E05B /* Statistic.swift */,
			);
			path = Models;
			sourceTree = "<group>";
		};
		F7E228172D2AFEE400B54766 /* TrackerTests */ = {
			isa = PBXGroup;
			children = (
				F7E228182D2AFEE400B54766 /* TrackerTests.swift */,
			);
			path = TrackerTests;
			sourceTree = "<group>";
		};
		F7E2281F2D2B0A5600B54766 /* Frameworks */ = {
			isa = PBXGroup;
			children = (
				F7E228222D2B0A7F00B54766 /* XCTest.framework */,
			);
			name = Frameworks;
			sourceTree = "<group>";
		};
/* End PBXGroup section */

/* Begin PBXNativeTarget section */
		F7AF2C312C595A86003831AC /* Tracker */ = {
			isa = PBXNativeTarget;
			buildConfigurationList = F7AF2C462C595A88003831AC /* Build configuration list for PBXNativeTarget "Tracker" */;
			buildPhases = (
				F7AF2C2E2C595A86003831AC /* Sources */,
				F7AF2C2F2C595A86003831AC /* Frameworks */,
				F7AF2C302C595A86003831AC /* Resources */,
			);
			buildRules = (
			);
			dependencies = (
			);
			name = Tracker;
			packageProductDependencies = (
			);
			productName = Tracker;
			productReference = F7AF2C322C595A86003831AC /* Tracker.app */;
			productType = "com.apple.product-type.application";
		};
		F7E228152D2AFEE400B54766 /* TrackerTests */ = {
			isa = PBXNativeTarget;
			buildConfigurationList = F7E2281C2D2AFEE400B54766 /* Build configuration list for PBXNativeTarget "TrackerTests" */;
			buildPhases = (
				F7E228122D2AFEE400B54766 /* Sources */,
				F7E228132D2AFEE400B54766 /* Frameworks */,
				F7E228142D2AFEE400B54766 /* Resources */,
			);
			buildRules = (
			);
			dependencies = (
				F7E2281B2D2AFEE400B54766 /* PBXTargetDependency */,
			);
			name = TrackerTests;
			packageProductDependencies = (
				F75AEFBE2D2B3E0E004D4B2E /* InlineSnapshotTesting */,
				F75AEFC02D2B3E0E004D4B2E /* SnapshotTesting */,
			);
			productName = TrackerTests;
			productReference = F7E228162D2AFEE400B54766 /* TrackerTests.xctest */;
			productType = "com.apple.product-type.bundle.unit-test";
		};
/* End PBXNativeTarget section */

/* Begin PBXProject section */
		F7AF2C2A2C595A86003831AC /* Project object */ = {
			isa = PBXProject;
			attributes = {
				BuildIndependentTargetsInParallel = 1;
				LastSwiftUpdateCheck = 1540;
				LastUpgradeCheck = 1430;
				TargetAttributes = {
					F7AF2C312C595A86003831AC = {
						CreatedOnToolsVersion = 14.3.1;
					};
					F7E228152D2AFEE400B54766 = {
						CreatedOnToolsVersion = 15.4;
						TestTargetID = F7AF2C312C595A86003831AC;
					};
				};
			};
			buildConfigurationList = F7AF2C2D2C595A86003831AC /* Build configuration list for PBXProject "Tracker" */;
			compatibilityVersion = "Xcode 14.0";
			developmentRegion = en;
			hasScannedForEncodings = 0;
			knownRegions = (
				en,
				Base,
			);
			mainGroup = F7AF2C292C595A86003831AC;
			packageReferences = (
				F75AEFBD2D2B3E0E004D4B2E /* XCRemoteSwiftPackageReference "swift-snapshot-testing" */,
			);
			productRefGroup = F7AF2C332C595A86003831AC /* Products */;
			projectDirPath = "";
			projectRoot = "";
			targets = (
				F7AF2C312C595A86003831AC /* Tracker */,
				F7E228152D2AFEE400B54766 /* TrackerTests */,
			);
		};
/* End PBXProject section */

/* Begin PBXResourcesBuildPhase section */
		F7AF2C302C595A86003831AC /* Resources */ = {
			isa = PBXResourcesBuildPhase;
			buildActionMask = 2147483647;
			files = (
				F7AF2C422C595A88003831AC /* LaunchScreen.storyboard in Resources */,
				F7AF2C3F2C595A88003831AC /* Assets.xcassets in Resources */,
			);
			runOnlyForDeploymentPostprocessing = 0;
		};
		F7E228142D2AFEE400B54766 /* Resources */ = {
			isa = PBXResourcesBuildPhase;
			buildActionMask = 2147483647;
			files = (
			);
			runOnlyForDeploymentPostprocessing = 0;
		};
/* End PBXResourcesBuildPhase section */

/* Begin PBXSourcesBuildPhase section */
		F7AF2C2E2C595A86003831AC /* Sources */ = {
			isa = PBXSourcesBuildPhase;
			buildActionMask = 2147483647;
			files = (
				F756F78C2CF5F16D0082EE33 /* WeekdayStore.swift in Sources */,
				F7D0057F2D1817F90030E05B /* Statistic.swift in Sources */,
				F7EB95372CDFE15F007F0D08 /* ScheduleViewController.swift in Sources */,
				F71CDF4A2CE8E1340021F0D3 /* Constants.swift in Sources */,
				F71CDF4C2CE8E14B0021F0D3 /* MockData.swift in Sources */,
				F737414C2D1F229800CB69FC /* TrackerModel.xcdatamodeld in Sources */,
				F7A122232D1150A30027CC34 /* ContextMenuManager.swift in Sources */,
				F77F916D2C68042100E14393 /* StatisticViewController.swift in Sources */,
				F78DFDB42CFFBCDD00068AA4 /* CategoryViewModel.swift in Sources */,
				F7EB95412CE4DC7F007F0D08 /* Notification.swift in Sources */,
				F78991962CE9105800A39F11 /* EventViewController.swift in Sources */,
				F78DFDB62CFFC4E000068AA4 /* NewCategoryViewModel.swift in Sources */,
				F77F916B2C67F2D400E14393 /* ProjectColors.swift in Sources */,
				F71236792CD1A9C40041A336 /* TrackerCategory.swift in Sources */,
				F72274562C677056004C0971 /* TrackersViewController.swift in Sources */,
				F7D0056B2D134F260030E05B /* EditableTracker.swift in Sources */,
				F78DFDB22CFFA24700068AA4 /* CategoryViewController.swift in Sources */,
				F73741542D2AB79B00CB69FC /* Array+Extensions.swift in Sources */,
				F71CDF432CE8DD8B0021F0D3 /* Weekday.swift in Sources */,
				F7A122252D11C9730027CC34 /* AlertService.swift in Sources */,
				F7AF2C362C595A86003831AC /* AppDelegate.swift in Sources */,
				F7D1EBB52CD96D2F00DD2085 /* TrackerCell.swift in Sources */,
				F71CDF462CE8DE840021F0D3 /* UIColor+Hex.swift in Sources */,
				F712367B2CD1A9D40041A336 /* TrackerRecord.swift in Sources */,
				F756F7882CF5F10C0082EE33 /* TrackerCategoryStore.swift in Sources */,
				F71CDF482CE8DEED0021F0D3 /* TrackerType.swift in Sources */,
				F7EB95392CE12158007F0D08 /* ScheduleCell.swift in Sources */,
				F7D1EBB32CD83D8000DD2085 /* TrackerTypeSelectionViewController.swift in Sources */,
				F796B7172D0B726E00E53884 /* CategoryCell.swift in Sources */,
				F77F91692C67F0F400E14393 /* TabBarViewController.swift in Sources */,
				F7EB953B2CE145FB007F0D08 /* TrackerCategoryHeader.swift in Sources */,
				F756F7842CF5EF4F0082EE33 /* CoreDataStack.swift in Sources */,
				F7D1EBBF2CDAEA1D00DD2085 /* EventViewControllerCell.swift in Sources */,
				F756F78A2CF5F12F0082EE33 /* TrackerRecordStore.swift in Sources */,
				F7D0057A2D1702920030E05B /* TrackerFilter.swift in Sources */,
				F7D0057C2D1787F10030E05B /* StatisticViewControllerCell.swift in Sources */,
				F7AF2C382C595A86003831AC /* SceneDelegate.swift in Sources */,
				F71236772CD1A9B50041A336 /* Tracker.swift in Sources */,
				F7D005782D1702330030E05B /* FilterViewController.swift in Sources */,
				F73741522D2AA97800CB69FC /* Date+Extensions.swift in Sources */,
				F796B7152D08E87E00E53884 /* OnboardingViewController.swift in Sources */,
				F756F7862CF5F0D60082EE33 /* TrackerStore.swift in Sources */,
				F737414E2D23165800CB69FC /* PlaceholderPresenter.swift in Sources */,
				F7AE2A192CEE590E0099D265 /* Assets+Generated.swift in Sources */,
				F78DFDB82CFFC5B200068AA4 /* NewCategoryViewController.swift in Sources */,
				F796B7112D08D50900E53884 /* OnboardingPageViewController.swift in Sources */,
			);
			runOnlyForDeploymentPostprocessing = 0;
		};
		F7E228122D2AFEE400B54766 /* Sources */ = {
			isa = PBXSourcesBuildPhase;
			buildActionMask = 2147483647;
			files = (
				F7E228192D2AFEE400B54766 /* TrackerTests.swift in Sources */,
			);
			runOnlyForDeploymentPostprocessing = 0;
		};
/* End PBXSourcesBuildPhase section */

/* Begin PBXTargetDependency section */
		F7E2281B2D2AFEE400B54766 /* PBXTargetDependency */ = {
			isa = PBXTargetDependency;
			target = F7AF2C312C595A86003831AC /* Tracker */;
			targetProxy = F7E2281A2D2AFEE400B54766 /* PBXContainerItemProxy */;
		};
/* End PBXTargetDependency section */

/* Begin PBXVariantGroup section */
		F7AF2C402C595A88003831AC /* LaunchScreen.storyboard */ = {
			isa = PBXVariantGroup;
			children = (
				F7AF2C412C595A88003831AC /* Base */,
			);
			name = LaunchScreen.storyboard;
			sourceTree = "<group>";
		};
/* End PBXVariantGroup section */

/* Begin XCBuildConfiguration section */
		F7AF2C442C595A88003831AC /* Debug */ = {
			isa = XCBuildConfiguration;
			buildSettings = {
				ALWAYS_SEARCH_USER_PATHS = NO;
				CLANG_ANALYZER_NONNULL = YES;
				CLANG_ANALYZER_NUMBER_OBJECT_CONVERSION = YES_AGGRESSIVE;
				CLANG_CXX_LANGUAGE_STANDARD = "gnu++20";
				CLANG_ENABLE_MODULES = YES;
				CLANG_ENABLE_OBJC_ARC = YES;
				CLANG_ENABLE_OBJC_WEAK = YES;
				CLANG_WARN_BLOCK_CAPTURE_AUTORELEASING = YES;
				CLANG_WARN_BOOL_CONVERSION = YES;
				CLANG_WARN_COMMA = YES;
				CLANG_WARN_CONSTANT_CONVERSION = YES;
				CLANG_WARN_DEPRECATED_OBJC_IMPLEMENTATIONS = YES;
				CLANG_WARN_DIRECT_OBJC_ISA_USAGE = YES_ERROR;
				CLANG_WARN_DOCUMENTATION_COMMENTS = YES;
				CLANG_WARN_EMPTY_BODY = YES;
				CLANG_WARN_ENUM_CONVERSION = YES;
				CLANG_WARN_INFINITE_RECURSION = YES;
				CLANG_WARN_INT_CONVERSION = YES;
				CLANG_WARN_NON_LITERAL_NULL_CONVERSION = YES;
				CLANG_WARN_OBJC_IMPLICIT_RETAIN_SELF = YES;
				CLANG_WARN_OBJC_LITERAL_CONVERSION = YES;
				CLANG_WARN_OBJC_ROOT_CLASS = YES_ERROR;
				CLANG_WARN_QUOTED_INCLUDE_IN_FRAMEWORK_HEADER = YES;
				CLANG_WARN_RANGE_LOOP_ANALYSIS = YES;
				CLANG_WARN_STRICT_PROTOTYPES = YES;
				CLANG_WARN_SUSPICIOUS_MOVE = YES;
				CLANG_WARN_UNGUARDED_AVAILABILITY = YES_AGGRESSIVE;
				CLANG_WARN_UNREACHABLE_CODE = YES;
				CLANG_WARN__DUPLICATE_METHOD_MATCH = YES;
				COPY_PHASE_STRIP = NO;
				DEBUG_INFORMATION_FORMAT = dwarf;
				ENABLE_STRICT_OBJC_MSGSEND = YES;
				ENABLE_TESTABILITY = YES;
				GCC_C_LANGUAGE_STANDARD = gnu11;
				GCC_DYNAMIC_NO_PIC = NO;
				GCC_NO_COMMON_BLOCKS = YES;
				GCC_OPTIMIZATION_LEVEL = 0;
				GCC_PREPROCESSOR_DEFINITIONS = (
					"DEBUG=1",
					"$(inherited)",
				);
				GCC_WARN_64_TO_32_BIT_CONVERSION = YES;
				GCC_WARN_ABOUT_RETURN_TYPE = YES_ERROR;
				GCC_WARN_UNDECLARED_SELECTOR = YES;
				GCC_WARN_UNINITIALIZED_AUTOS = YES_AGGRESSIVE;
				GCC_WARN_UNUSED_FUNCTION = YES;
				GCC_WARN_UNUSED_VARIABLE = YES;
				IPHONEOS_DEPLOYMENT_TARGET = 13.4;
				MTL_ENABLE_DEBUG_INFO = INCLUDE_SOURCE;
				MTL_FAST_MATH = YES;
				ONLY_ACTIVE_ARCH = YES;
				SDKROOT = iphoneos;
				SWIFT_ACTIVE_COMPILATION_CONDITIONS = DEBUG;
				SWIFT_OPTIMIZATION_LEVEL = "-Onone";
			};
			name = Debug;
		};
		F7AF2C452C595A88003831AC /* Release */ = {
			isa = XCBuildConfiguration;
			buildSettings = {
				ALWAYS_SEARCH_USER_PATHS = NO;
				CLANG_ANALYZER_NONNULL = YES;
				CLANG_ANALYZER_NUMBER_OBJECT_CONVERSION = YES_AGGRESSIVE;
				CLANG_CXX_LANGUAGE_STANDARD = "gnu++20";
				CLANG_ENABLE_MODULES = YES;
				CLANG_ENABLE_OBJC_ARC = YES;
				CLANG_ENABLE_OBJC_WEAK = YES;
				CLANG_WARN_BLOCK_CAPTURE_AUTORELEASING = YES;
				CLANG_WARN_BOOL_CONVERSION = YES;
				CLANG_WARN_COMMA = YES;
				CLANG_WARN_CONSTANT_CONVERSION = YES;
				CLANG_WARN_DEPRECATED_OBJC_IMPLEMENTATIONS = YES;
				CLANG_WARN_DIRECT_OBJC_ISA_USAGE = YES_ERROR;
				CLANG_WARN_DOCUMENTATION_COMMENTS = YES;
				CLANG_WARN_EMPTY_BODY = YES;
				CLANG_WARN_ENUM_CONVERSION = YES;
				CLANG_WARN_INFINITE_RECURSION = YES;
				CLANG_WARN_INT_CONVERSION = YES;
				CLANG_WARN_NON_LITERAL_NULL_CONVERSION = YES;
				CLANG_WARN_OBJC_IMPLICIT_RETAIN_SELF = YES;
				CLANG_WARN_OBJC_LITERAL_CONVERSION = YES;
				CLANG_WARN_OBJC_ROOT_CLASS = YES_ERROR;
				CLANG_WARN_QUOTED_INCLUDE_IN_FRAMEWORK_HEADER = YES;
				CLANG_WARN_RANGE_LOOP_ANALYSIS = YES;
				CLANG_WARN_STRICT_PROTOTYPES = YES;
				CLANG_WARN_SUSPICIOUS_MOVE = YES;
				CLANG_WARN_UNGUARDED_AVAILABILITY = YES_AGGRESSIVE;
				CLANG_WARN_UNREACHABLE_CODE = YES;
				CLANG_WARN__DUPLICATE_METHOD_MATCH = YES;
				COPY_PHASE_STRIP = NO;
				DEBUG_INFORMATION_FORMAT = "dwarf-with-dsym";
				ENABLE_NS_ASSERTIONS = NO;
				ENABLE_STRICT_OBJC_MSGSEND = YES;
				GCC_C_LANGUAGE_STANDARD = gnu11;
				GCC_NO_COMMON_BLOCKS = YES;
				GCC_WARN_64_TO_32_BIT_CONVERSION = YES;
				GCC_WARN_ABOUT_RETURN_TYPE = YES_ERROR;
				GCC_WARN_UNDECLARED_SELECTOR = YES;
				GCC_WARN_UNINITIALIZED_AUTOS = YES_AGGRESSIVE;
				GCC_WARN_UNUSED_FUNCTION = YES;
				GCC_WARN_UNUSED_VARIABLE = YES;
				IPHONEOS_DEPLOYMENT_TARGET = 13.4;
				MTL_ENABLE_DEBUG_INFO = NO;
				MTL_FAST_MATH = YES;
				SDKROOT = iphoneos;
				SWIFT_COMPILATION_MODE = wholemodule;
				SWIFT_OPTIMIZATION_LEVEL = "-O";
				VALIDATE_PRODUCT = YES;
			};
			name = Release;
		};
		F7AF2C472C595A88003831AC /* Debug */ = {
			isa = XCBuildConfiguration;
			buildSettings = {
				ASSETCATALOG_COMPILER_APPICON_NAME = AppIcon;
				ASSETCATALOG_COMPILER_GLOBAL_ACCENT_COLOR_NAME = AccentColor;
				CODE_SIGN_STYLE = Automatic;
				CURRENT_PROJECT_VERSION = 1;
				DEVELOPMENT_TEAM = 4U62Q8ST39;
				GENERATE_INFOPLIST_FILE = YES;
				INFOPLIST_FILE = Tracker/Info.plist;
				INFOPLIST_KEY_UIApplicationSupportsIndirectInputEvents = YES;
				INFOPLIST_KEY_UILaunchStoryboardName = LaunchScreen;
				INFOPLIST_KEY_UISupportedInterfaceOrientations = UIInterfaceOrientationPortrait;
				INFOPLIST_KEY_UISupportedInterfaceOrientations_iPad = UIInterfaceOrientationPortrait;
				IPHONEOS_DEPLOYMENT_TARGET = 13.4;
				LD_RUNPATH_SEARCH_PATHS = (
					"$(inherited)",
					"@executable_path/Frameworks",
				);
				MARKETING_VERSION = 1.0;
				PRODUCT_BUNDLE_IDENTIFIER = ru.swiftappsme.Tracker;
				PRODUCT_NAME = "$(TARGET_NAME)";
				SUPPORTED_PLATFORMS = "iphoneos iphonesimulator";
				SUPPORTS_MACCATALYST = NO;
				SUPPORTS_MAC_DESIGNED_FOR_IPHONE_IPAD = YES;
				SWIFT_EMIT_LOC_STRINGS = YES;
				SWIFT_VERSION = 5.0;
				TARGETED_DEVICE_FAMILY = 1;
			};
			name = Debug;
		};
		F7AF2C482C595A88003831AC /* Release */ = {
			isa = XCBuildConfiguration;
			buildSettings = {
				ASSETCATALOG_COMPILER_APPICON_NAME = AppIcon;
				ASSETCATALOG_COMPILER_GLOBAL_ACCENT_COLOR_NAME = AccentColor;
				CODE_SIGN_STYLE = Automatic;
				CURRENT_PROJECT_VERSION = 1;
				DEVELOPMENT_TEAM = 4U62Q8ST39;
				GENERATE_INFOPLIST_FILE = YES;
				INFOPLIST_FILE = Tracker/Info.plist;
				INFOPLIST_KEY_UIApplicationSupportsIndirectInputEvents = YES;
				INFOPLIST_KEY_UILaunchStoryboardName = LaunchScreen;
				INFOPLIST_KEY_UISupportedInterfaceOrientations = UIInterfaceOrientationPortrait;
				INFOPLIST_KEY_UISupportedInterfaceOrientations_iPad = UIInterfaceOrientationPortrait;
				IPHONEOS_DEPLOYMENT_TARGET = 13.4;
				LD_RUNPATH_SEARCH_PATHS = (
					"$(inherited)",
					"@executable_path/Frameworks",
				);
				MARKETING_VERSION = 1.0;
				PRODUCT_BUNDLE_IDENTIFIER = ru.swiftappsme.Tracker;
				PRODUCT_NAME = "$(TARGET_NAME)";
				SUPPORTED_PLATFORMS = "iphoneos iphonesimulator";
				SUPPORTS_MACCATALYST = NO;
				SUPPORTS_MAC_DESIGNED_FOR_IPHONE_IPAD = YES;
				SWIFT_EMIT_LOC_STRINGS = YES;
				SWIFT_VERSION = 5.0;
				TARGETED_DEVICE_FAMILY = 1;
			};
			name = Release;
		};
		F7E2281D2D2AFEE400B54766 /* Debug */ = {
			isa = XCBuildConfiguration;
			buildSettings = {
				ASSETCATALOG_COMPILER_GENERATE_SWIFT_ASSET_SYMBOL_EXTENSIONS = YES;
				BUNDLE_LOADER = "$(TEST_HOST)";
				CODE_SIGN_STYLE = Automatic;
				CURRENT_PROJECT_VERSION = 1;
				ENABLE_USER_SCRIPT_SANDBOXING = YES;
				GCC_C_LANGUAGE_STANDARD = gnu17;
				GENERATE_INFOPLIST_FILE = YES;
				IPHONEOS_DEPLOYMENT_TARGET = 13.4;
				LOCALIZATION_PREFERS_STRING_CATALOGS = YES;
				MARKETING_VERSION = 1.0;
				PRODUCT_BUNDLE_IDENTIFIER = demoproject.TrackerTests;
				PRODUCT_NAME = "$(TARGET_NAME)";
				SUPPORTED_PLATFORMS = "iphoneos iphonesimulator";
				SUPPORTS_MACCATALYST = NO;
				SWIFT_ACTIVE_COMPILATION_CONDITIONS = "DEBUG $(inherited)";
				SWIFT_EMIT_LOC_STRINGS = NO;
				SWIFT_VERSION = 5.0;
				TARGETED_DEVICE_FAMILY = 1;
				TEST_HOST = "$(BUILT_PRODUCTS_DIR)/Tracker.app/$(BUNDLE_EXECUTABLE_FOLDER_PATH)/Tracker";
			};
			name = Debug;
		};
		F7E2281E2D2AFEE400B54766 /* Release */ = {
			isa = XCBuildConfiguration;
			buildSettings = {
				ASSETCATALOG_COMPILER_GENERATE_SWIFT_ASSET_SYMBOL_EXTENSIONS = YES;
				BUNDLE_LOADER = "$(TEST_HOST)";
				CODE_SIGN_STYLE = Automatic;
				CURRENT_PROJECT_VERSION = 1;
				ENABLE_USER_SCRIPT_SANDBOXING = YES;
				GCC_C_LANGUAGE_STANDARD = gnu17;
				GENERATE_INFOPLIST_FILE = YES;
				IPHONEOS_DEPLOYMENT_TARGET = 13.4;
				LOCALIZATION_PREFERS_STRING_CATALOGS = YES;
				MARKETING_VERSION = 1.0;
				PRODUCT_BUNDLE_IDENTIFIER = demoproject.TrackerTests;
				PRODUCT_NAME = "$(TARGET_NAME)";
				SUPPORTED_PLATFORMS = "iphoneos iphonesimulator";
				SUPPORTS_MACCATALYST = NO;
				SWIFT_EMIT_LOC_STRINGS = NO;
				SWIFT_VERSION = 5.0;
				TARGETED_DEVICE_FAMILY = 1;
				TEST_HOST = "$(BUILT_PRODUCTS_DIR)/Tracker.app/$(BUNDLE_EXECUTABLE_FOLDER_PATH)/Tracker";
			};
			name = Release;
		};
/* End XCBuildConfiguration section */

/* Begin XCConfigurationList section */
		F7AF2C2D2C595A86003831AC /* Build configuration list for PBXProject "Tracker" */ = {
			isa = XCConfigurationList;
			buildConfigurations = (
				F7AF2C442C595A88003831AC /* Debug */,
				F7AF2C452C595A88003831AC /* Release */,
			);
			defaultConfigurationIsVisible = 0;
			defaultConfigurationName = Release;
		};
		F7AF2C462C595A88003831AC /* Build configuration list for PBXNativeTarget "Tracker" */ = {
			isa = XCConfigurationList;
			buildConfigurations = (
				F7AF2C472C595A88003831AC /* Debug */,
				F7AF2C482C595A88003831AC /* Release */,
			);
			defaultConfigurationIsVisible = 0;
			defaultConfigurationName = Release;
		};
		F7E2281C2D2AFEE400B54766 /* Build configuration list for PBXNativeTarget "TrackerTests" */ = {
			isa = XCConfigurationList;
			buildConfigurations = (
				F7E2281D2D2AFEE400B54766 /* Debug */,
				F7E2281E2D2AFEE400B54766 /* Release */,
			);
			defaultConfigurationIsVisible = 0;
			defaultConfigurationName = Release;
		};
/* End XCConfigurationList section */

/* Begin XCRemoteSwiftPackageReference section */
		F75AEFBD2D2B3E0E004D4B2E /* XCRemoteSwiftPackageReference "swift-snapshot-testing" */ = {
			isa = XCRemoteSwiftPackageReference;
			repositoryURL = "https://github.com/pointfreeco/swift-snapshot-testing.git";
			requirement = {
				kind = upToNextMajorVersion;
				minimumVersion = 1.17.6;
			};
		};
/* End XCRemoteSwiftPackageReference section */

/* Begin XCSwiftPackageProductDependency section */
		F75AEFBE2D2B3E0E004D4B2E /* InlineSnapshotTesting */ = {
			isa = XCSwiftPackageProductDependency;
			package = F75AEFBD2D2B3E0E004D4B2E /* XCRemoteSwiftPackageReference "swift-snapshot-testing" */;
			productName = InlineSnapshotTesting;
		};
		F75AEFC02D2B3E0E004D4B2E /* SnapshotTesting */ = {
			isa = XCSwiftPackageProductDependency;
			package = F75AEFBD2D2B3E0E004D4B2E /* XCRemoteSwiftPackageReference "swift-snapshot-testing" */;
			productName = SnapshotTesting;
		};
/* End XCSwiftPackageProductDependency section */

/* Begin XCVersionGroup section */
		F737414A2D1F229800CB69FC /* TrackerModel.xcdatamodeld */ = {
			isa = XCVersionGroup;
			children = (
				F737414B2D1F229800CB69FC /* TrackerModel.xcdatamodel */,
			);
			currentVersion = F737414B2D1F229800CB69FC /* TrackerModel.xcdatamodel */;
			name = TrackerModel.xcdatamodeld;
			path = /Users/aleksei_frolov/Documents/YandexIOS/Tracker/Tracker/CoreData/TrackerModel.xcdatamodeld;
			sourceTree = "<group>";
			versionGroupType = wrapper.xcdatamodel;
		};
/* End XCVersionGroup section */
	};
	rootObject = F7AF2C2A2C595A86003831AC /* Project object */;
}
