// !$*UTF8*$!
{
	archiveVersion = 1;
	classes = {
	};
	objectVersion = 56;
	objects = {

/* Begin PBXBuildFile section */
		F71236772CD1A9B50041A336 /* Tracker.swift in Sources */ = {isa = PBXBuildFile; fileRef = F71236762CD1A9B50041A336 /* Tracker.swift */; };
		F71236792CD1A9C40041A336 /* TrackerCategory.swift in Sources */ = {isa = PBXBuildFile; fileRef = F71236782CD1A9C40041A336 /* TrackerCategory.swift */; };
		F712367B2CD1A9D40041A336 /* TrackerRecord.swift in Sources */ = {isa = PBXBuildFile; fileRef = F712367A2CD1A9D40041A336 /* TrackerRecord.swift */; };
		F71CDF432CE8DD8B0021F0D3 /* Weekday.swift in Sources */ = {isa = PBXBuildFile; fileRef = F71CDF422CE8DD8B0021F0D3 /* Weekday.swift */; };
		F71CDF462CE8DE840021F0D3 /* UIColor+Hex.swift in Sources */ = {isa = PBXBuildFile; fileRef = F71CDF452CE8DE840021F0D3 /* UIColor+Hex.swift */; };
		F71CDF482CE8DEED0021F0D3 /* TrackerType.swift in Sources */ = {isa = PBXBuildFile; fileRef = F71CDF472CE8DEED0021F0D3 /* TrackerType.swift */; };
		F71CDF4A2CE8E1340021F0D3 /* Constants.swift in Sources */ = {isa = PBXBuildFile; fileRef = F71CDF492CE8E1340021F0D3 /* Constants.swift */; };
		F71CDF4C2CE8E14B0021F0D3 /* MockData.swift in Sources */ = {isa = PBXBuildFile; fileRef = F71CDF4B2CE8E14B0021F0D3 /* MockData.swift */; };
		F72274562C677056004C0971 /* TrackersViewController.swift in Sources */ = {isa = PBXBuildFile; fileRef = F72274552C677056004C0971 /* TrackersViewController.swift */; };
		F77F91692C67F0F400E14393 /* TabBarViewController.swift in Sources */ = {isa = PBXBuildFile; fileRef = F77F91682C67F0F400E14393 /* TabBarViewController.swift */; };
		F77F916B2C67F2D400E14393 /* ProjectColors.swift in Sources */ = {isa = PBXBuildFile; fileRef = F77F916A2C67F2D400E14393 /* ProjectColors.swift */; };
		F77F916D2C68042100E14393 /* StatisticViewController.swift in Sources */ = {isa = PBXBuildFile; fileRef = F77F916C2C68042100E14393 /* StatisticViewController.swift */; };
		F78991962CE9105800A39F11 /* EventViewController.swift in Sources */ = {isa = PBXBuildFile; fileRef = F78991952CE9105800A39F11 /* EventViewController.swift */; };
		F7AE2A192CEE590E0099D265 /* Assets+Generated.swift in Sources */ = {isa = PBXBuildFile; fileRef = F7AE2A172CEE590E0099D265 /* Assets+Generated.swift */; };
		F7AF2C362C595A86003831AC /* AppDelegate.swift in Sources */ = {isa = PBXBuildFile; fileRef = F7AF2C352C595A86003831AC /* AppDelegate.swift */; };
		F7AF2C382C595A86003831AC /* SceneDelegate.swift in Sources */ = {isa = PBXBuildFile; fileRef = F7AF2C372C595A86003831AC /* SceneDelegate.swift */; };
		F7AF2C3F2C595A88003831AC /* Assets.xcassets in Resources */ = {isa = PBXBuildFile; fileRef = F7AF2C3E2C595A88003831AC /* Assets.xcassets */; };
		F7AF2C422C595A88003831AC /* LaunchScreen.storyboard in Resources */ = {isa = PBXBuildFile; fileRef = F7AF2C402C595A88003831AC /* LaunchScreen.storyboard */; };
		F7D1EBB32CD83D8000DD2085 /* TrackerTypeSelectionViewController.swift in Sources */ = {isa = PBXBuildFile; fileRef = F7D1EBB22CD83D8000DD2085 /* TrackerTypeSelectionViewController.swift */; };
		F7D1EBB52CD96D2F00DD2085 /* TrackerCell.swift in Sources */ = {isa = PBXBuildFile; fileRef = F7D1EBB42CD96D2F00DD2085 /* TrackerCell.swift */; };
		F7D1EBBF2CDAEA1D00DD2085 /* EventViewControllerCell.swift in Sources */ = {isa = PBXBuildFile; fileRef = F7D1EBBE2CDAEA1D00DD2085 /* EventViewControllerCell.swift */; };
		F7EB95372CDFE15F007F0D08 /* ScheduleViewController.swift in Sources */ = {isa = PBXBuildFile; fileRef = F7EB95362CDFE15F007F0D08 /* ScheduleViewController.swift */; };
		F7EB95392CE12158007F0D08 /* ScheduleCell.swift in Sources */ = {isa = PBXBuildFile; fileRef = F7EB95382CE12158007F0D08 /* ScheduleCell.swift */; };
		F7EB953B2CE145FB007F0D08 /* TrackerCategoryHeader.swift in Sources */ = {isa = PBXBuildFile; fileRef = F7EB953A2CE145FB007F0D08 /* TrackerCategoryHeader.swift */; };
		F7EB95412CE4DC7F007F0D08 /* Notification.swift in Sources */ = {isa = PBXBuildFile; fileRef = F7EB95402CE4DC7F007F0D08 /* Notification.swift */; };
/* End PBXBuildFile section */

/* Begin PBXFileReference section */
		F71236762CD1A9B50041A336 /* Tracker.swift */ = {isa = PBXFileReference; lastKnownFileType = sourcecode.swift; path = Tracker.swift; sourceTree = "<group>"; };
		F71236782CD1A9C40041A336 /* TrackerCategory.swift */ = {isa = PBXFileReference; lastKnownFileType = sourcecode.swift; path = TrackerCategory.swift; sourceTree = "<group>"; };
		F712367A2CD1A9D40041A336 /* TrackerRecord.swift */ = {isa = PBXFileReference; lastKnownFileType = sourcecode.swift; path = TrackerRecord.swift; sourceTree = "<group>"; };
		F71CDF422CE8DD8B0021F0D3 /* Weekday.swift */ = {isa = PBXFileReference; lastKnownFileType = sourcecode.swift; path = Weekday.swift; sourceTree = "<group>"; };
		F71CDF452CE8DE840021F0D3 /* UIColor+Hex.swift */ = {isa = PBXFileReference; lastKnownFileType = sourcecode.swift; path = "UIColor+Hex.swift"; sourceTree = "<group>"; };
		F71CDF472CE8DEED0021F0D3 /* TrackerType.swift */ = {isa = PBXFileReference; lastKnownFileType = sourcecode.swift; path = TrackerType.swift; sourceTree = "<group>"; };
		F71CDF492CE8E1340021F0D3 /* Constants.swift */ = {isa = PBXFileReference; lastKnownFileType = sourcecode.swift; path = Constants.swift; sourceTree = "<group>"; };
		F71CDF4B2CE8E14B0021F0D3 /* MockData.swift */ = {isa = PBXFileReference; lastKnownFileType = sourcecode.swift; path = MockData.swift; sourceTree = "<group>"; };
		F72274552C677056004C0971 /* TrackersViewController.swift */ = {isa = PBXFileReference; lastKnownFileType = sourcecode.swift; path = TrackersViewController.swift; sourceTree = "<group>"; };
		F77F91682C67F0F400E14393 /* TabBarViewController.swift */ = {isa = PBXFileReference; lastKnownFileType = sourcecode.swift; path = TabBarViewController.swift; sourceTree = "<group>"; };
		F77F916A2C67F2D400E14393 /* ProjectColors.swift */ = {isa = PBXFileReference; lastKnownFileType = sourcecode.swift; path = ProjectColors.swift; sourceTree = "<group>"; };
		F77F916C2C68042100E14393 /* StatisticViewController.swift */ = {isa = PBXFileReference; lastKnownFileType = sourcecode.swift; path = StatisticViewController.swift; sourceTree = "<group>"; };
		F78991952CE9105800A39F11 /* EventViewController.swift */ = {isa = PBXFileReference; lastKnownFileType = sourcecode.swift; path = EventViewController.swift; sourceTree = "<group>"; };
		F7AE2A172CEE590E0099D265 /* Assets+Generated.swift */ = {isa = PBXFileReference; fileEncoding = 4; lastKnownFileType = sourcecode.swift; path = "Assets+Generated.swift"; sourceTree = "<group>"; };
		F7AF2C322C595A86003831AC /* Tracker.app */ = {isa = PBXFileReference; explicitFileType = wrapper.application; includeInIndex = 0; path = Tracker.app; sourceTree = BUILT_PRODUCTS_DIR; };
		F7AF2C352C595A86003831AC /* AppDelegate.swift */ = {isa = PBXFileReference; lastKnownFileType = sourcecode.swift; path = AppDelegate.swift; sourceTree = "<group>"; };
		F7AF2C372C595A86003831AC /* SceneDelegate.swift */ = {isa = PBXFileReference; lastKnownFileType = sourcecode.swift; path = SceneDelegate.swift; sourceTree = "<group>"; };
		F7AF2C3E2C595A88003831AC /* Assets.xcassets */ = {isa = PBXFileReference; lastKnownFileType = folder.assetcatalog; path = Assets.xcassets; sourceTree = "<group>"; };
		F7AF2C412C595A88003831AC /* Base */ = {isa = PBXFileReference; lastKnownFileType = file.storyboard; name = Base; path = Base.lproj/LaunchScreen.storyboard; sourceTree = "<group>"; };
		F7AF2C432C595A88003831AC /* Info.plist */ = {isa = PBXFileReference; lastKnownFileType = text.plist.xml; path = Info.plist; sourceTree = "<group>"; };
		F7D1EBB22CD83D8000DD2085 /* TrackerTypeSelectionViewController.swift */ = {isa = PBXFileReference; lastKnownFileType = sourcecode.swift; path = TrackerTypeSelectionViewController.swift; sourceTree = "<group>"; };
		F7D1EBB42CD96D2F00DD2085 /* TrackerCell.swift */ = {isa = PBXFileReference; lastKnownFileType = sourcecode.swift; path = TrackerCell.swift; sourceTree = "<group>"; };
		F7D1EBBE2CDAEA1D00DD2085 /* EventViewControllerCell.swift */ = {isa = PBXFileReference; lastKnownFileType = sourcecode.swift; path = EventViewControllerCell.swift; sourceTree = "<group>"; };
		F7EB95362CDFE15F007F0D08 /* ScheduleViewController.swift */ = {isa = PBXFileReference; lastKnownFileType = sourcecode.swift; path = ScheduleViewController.swift; sourceTree = "<group>"; };
		F7EB95382CE12158007F0D08 /* ScheduleCell.swift */ = {isa = PBXFileReference; lastKnownFileType = sourcecode.swift; path = ScheduleCell.swift; sourceTree = "<group>"; };
		F7EB953A2CE145FB007F0D08 /* TrackerCategoryHeader.swift */ = {isa = PBXFileReference; lastKnownFileType = sourcecode.swift; path = TrackerCategoryHeader.swift; sourceTree = "<group>"; };
		F7EB95402CE4DC7F007F0D08 /* Notification.swift */ = {isa = PBXFileReference; lastKnownFileType = sourcecode.swift; path = Notification.swift; sourceTree = "<group>"; };
/* End PBXFileReference section */

/* Begin PBXFrameworksBuildPhase section */
		F7AF2C2F2C595A86003831AC /* Frameworks */ = {
			isa = PBXFrameworksBuildPhase;
			buildActionMask = 2147483647;
			files = (
			);
			runOnlyForDeploymentPostprocessing = 0;
		};
/* End PBXFrameworksBuildPhase section */

/* Begin PBXGroup section */
		F71236752CD1A9990041A336 /* Models */ = {
			isa = PBXGroup;
			children = (
				F71236762CD1A9B50041A336 /* Tracker.swift */,
				F71236782CD1A9C40041A336 /* TrackerCategory.swift */,
				F712367A2CD1A9D40041A336 /* TrackerRecord.swift */,
			);
			path = Models;
			sourceTree = "<group>";
		};
		F71CDF442CE8DDA40021F0D3 /* Helpers */ = {
			isa = PBXGroup;
			children = (
				F7EB95402CE4DC7F007F0D08 /* Notification.swift */,
				F71CDF422CE8DD8B0021F0D3 /* Weekday.swift */,
				F71CDF452CE8DE840021F0D3 /* UIColor+Hex.swift */,
				F71CDF472CE8DEED0021F0D3 /* TrackerType.swift */,
				F71CDF492CE8E1340021F0D3 /* Constants.swift */,
				F71CDF4B2CE8E14B0021F0D3 /* MockData.swift */,
			);
			path = Helpers;
			sourceTree = "<group>";
		};
		F72274522C67611E004C0971 /* Resources */ = {
			isa = PBXGroup;
			children = (
				F7AE2A182CEE590E0099D265 /* Generated */,
				F7AF2C3E2C595A88003831AC /* Assets.xcassets */,
				F77F916A2C67F2D400E14393 /* ProjectColors.swift */,
			);
			path = Resources;
			sourceTree = "<group>";
		};
		F7AE2A182CEE590E0099D265 /* Generated */ = {
			isa = PBXGroup;
			children = (
				F7AE2A172CEE590E0099D265 /* Assets+Generated.swift */,
			);
			path = Generated;
			sourceTree = "<group>";
		};
		F7AF2C292C595A86003831AC = {
			isa = PBXGroup;
			children = (
				F7AF2C342C595A86003831AC /* Tracker */,
				F7AF2C332C595A86003831AC /* Products */,
			);
			sourceTree = "<group>";
		};
		F7AF2C332C595A86003831AC /* Products */ = {
			isa = PBXGroup;
			children = (
				F7AF2C322C595A86003831AC /* Tracker.app */,
			);
			name = Products;
			sourceTree = "<group>";
		};
		F7AF2C342C595A86003831AC /* Tracker */ = {
			isa = PBXGroup;
			children = (
				F71CDF442CE8DDA40021F0D3 /* Helpers */,
				F71236752CD1A9990041A336 /* Models */,
				F7AF2C352C595A86003831AC /* AppDelegate.swift */,
				F7AF2C372C595A86003831AC /* SceneDelegate.swift */,
				F7AF2C402C595A88003831AC /* LaunchScreen.storyboard */,
				F7AF2C432C595A88003831AC /* Info.plist */,
				F72274522C67611E004C0971 /* Resources */,
				F77F91682C67F0F400E14393 /* TabBarViewController.swift */,
				F72274552C677056004C0971 /* TrackersViewController.swift */,
				F7EB953A2CE145FB007F0D08 /* TrackerCategoryHeader.swift */,
				F7D1EBB42CD96D2F00DD2085 /* TrackerCell.swift */,
				F7D1EBB22CD83D8000DD2085 /* TrackerTypeSelectionViewController.swift */,
				F77F916C2C68042100E14393 /* StatisticViewController.swift */,
				F7D1EBBE2CDAEA1D00DD2085 /* EventViewControllerCell.swift */,
				F7EB95362CDFE15F007F0D08 /* ScheduleViewController.swift */,
				F7EB95382CE12158007F0D08 /* ScheduleCell.swift */,
				F78991952CE9105800A39F11 /* EventViewController.swift */,
			);
			path = Tracker;
			sourceTree = "<group>";
		};
/* End PBXGroup section */

/* Begin PBXNativeTarget section */
		F7AF2C312C595A86003831AC /* Tracker */ = {
			isa = PBXNativeTarget;
			buildConfigurationList = F7AF2C462C595A88003831AC /* Build configuration list for PBXNativeTarget "Tracker" */;
			buildPhases = (
				F7AF2C2E2C595A86003831AC /* Sources */,
				F7AF2C2F2C595A86003831AC /* Frameworks */,
				F7AF2C302C595A86003831AC /* Resources */,
			);
			buildRules = (
			);
			dependencies = (
			);
			name = Tracker;
			productName = Tracker;
			productReference = F7AF2C322C595A86003831AC /* Tracker.app */;
			productType = "com.apple.product-type.application";
		};
/* End PBXNativeTarget section */

/* Begin PBXProject section */
		F7AF2C2A2C595A86003831AC /* Project object */ = {
			isa = PBXProject;
			attributes = {
				BuildIndependentTargetsInParallel = 1;
				LastSwiftUpdateCheck = 1430;
				LastUpgradeCheck = 1430;
				TargetAttributes = {
					F7AF2C312C595A86003831AC = {
						CreatedOnToolsVersion = 14.3.1;
					};
				};
			};
			buildConfigurationList = F7AF2C2D2C595A86003831AC /* Build configuration list for PBXProject "Tracker" */;
			compatibilityVersion = "Xcode 14.0";
			developmentRegion = en;
			hasScannedForEncodings = 0;
			knownRegions = (
				en,
				Base,
			);
			mainGroup = F7AF2C292C595A86003831AC;
			productRefGroup = F7AF2C332C595A86003831AC /* Products */;
			projectDirPath = "";
			projectRoot = "";
			targets = (
				F7AF2C312C595A86003831AC /* Tracker */,
			);
		};
/* End PBXProject section */

/* Begin PBXResourcesBuildPhase section */
		F7AF2C302C595A86003831AC /* Resources */ = {
			isa = PBXResourcesBuildPhase;
			buildActionMask = 2147483647;
			files = (
				F7AF2C422C595A88003831AC /* LaunchScreen.storyboard in Resources */,
				F7AF2C3F2C595A88003831AC /* Assets.xcassets in Resources */,
			);
			runOnlyForDeploymentPostprocessing = 0;
		};
/* End PBXResourcesBuildPhase section */

/* Begin PBXSourcesBuildPhase section */
		F7AF2C2E2C595A86003831AC /* Sources */ = {
			isa = PBXSourcesBuildPhase;
			buildActionMask = 2147483647;
			files = (
				F7EB95372CDFE15F007F0D08 /* ScheduleViewController.swift in Sources */,
				F71CDF4A2CE8E1340021F0D3 /* Constants.swift in Sources */,
				F71CDF4C2CE8E14B0021F0D3 /* MockData.swift in Sources */,
				F77F916D2C68042100E14393 /* StatisticViewController.swift in Sources */,
				F7EB95412CE4DC7F007F0D08 /* Notification.swift in Sources */,
				F78991962CE9105800A39F11 /* EventViewController.swift in Sources */,
				F77F916B2C67F2D400E14393 /* ProjectColors.swift in Sources */,
				F71236792CD1A9C40041A336 /* TrackerCategory.swift in Sources */,
				F72274562C677056004C0971 /* TrackersViewController.swift in Sources */,
				F71CDF432CE8DD8B0021F0D3 /* Weekday.swift in Sources */,
				F7AF2C362C595A86003831AC /* AppDelegate.swift in Sources */,
				F7D1EBB52CD96D2F00DD2085 /* TrackerCell.swift in Sources */,
				F71CDF462CE8DE840021F0D3 /* UIColor+Hex.swift in Sources */,
				F712367B2CD1A9D40041A336 /* TrackerRecord.swift in Sources */,
				F71CDF482CE8DEED0021F0D3 /* TrackerType.swift in Sources */,
				F7EB95392CE12158007F0D08 /* ScheduleCell.swift in Sources */,
				F7D1EBB32CD83D8000DD2085 /* TrackerTypeSelectionViewController.swift in Sources */,
				F77F91692C67F0F400E14393 /* TabBarViewController.swift in Sources */,
				F7EB953B2CE145FB007F0D08 /* TrackerCategoryHeader.swift in Sources */,
				F7D1EBBF2CDAEA1D00DD2085 /* EventViewControllerCell.swift in Sources */,
				F7AF2C382C595A86003831AC /* SceneDelegate.swift in Sources */,
				F71236772CD1A9B50041A336 /* Tracker.swift in Sources */,
				F7AE2A192CEE590E0099D265 /* Assets+Generated.swift in Sources */,
			);
			runOnlyForDeploymentPostprocessing = 0;
		};
/* End PBXSourcesBuildPhase section */

/* Begin PBXVariantGroup section */
		F7AF2C402C595A88003831AC /* LaunchScreen.storyboard */ = {
			isa = PBXVariantGroup;
			children = (
				F7AF2C412C595A88003831AC /* Base */,
			);
			name = LaunchScreen.storyboard;
			sourceTree = "<group>";
		};
/* End PBXVariantGroup section */

/* Begin XCBuildConfiguration section */
		F7AF2C442C595A88003831AC /* Debug */ = {
			isa = XCBuildConfiguration;
			buildSettings = {
				ALWAYS_SEARCH_USER_PATHS = NO;
				CLANG_ANALYZER_NONNULL = YES;
				CLANG_ANALYZER_NUMBER_OBJECT_CONVERSION = YES_AGGRESSIVE;
				CLANG_CXX_LANGUAGE_STANDARD = "gnu++20";
				CLANG_ENABLE_MODULES = YES;
				CLANG_ENABLE_OBJC_ARC = YES;
				CLANG_ENABLE_OBJC_WEAK = YES;
				CLANG_WARN_BLOCK_CAPTURE_AUTORELEASING = YES;
				CLANG_WARN_BOOL_CONVERSION = YES;
				CLANG_WARN_COMMA = YES;
				CLANG_WARN_CONSTANT_CONVERSION = YES;
				CLANG_WARN_DEPRECATED_OBJC_IMPLEMENTATIONS = YES;
				CLANG_WARN_DIRECT_OBJC_ISA_USAGE = YES_ERROR;
				CLANG_WARN_DOCUMENTATION_COMMENTS = YES;
				CLANG_WARN_EMPTY_BODY = YES;
				CLANG_WARN_ENUM_CONVERSION = YES;
				CLANG_WARN_INFINITE_RECURSION = YES;
				CLANG_WARN_INT_CONVERSION = YES;
				CLANG_WARN_NON_LITERAL_NULL_CONVERSION = YES;
				CLANG_WARN_OBJC_IMPLICIT_RETAIN_SELF = YES;
				CLANG_WARN_OBJC_LITERAL_CONVERSION = YES;
				CLANG_WARN_OBJC_ROOT_CLASS = YES_ERROR;
				CLANG_WARN_QUOTED_INCLUDE_IN_FRAMEWORK_HEADER = YES;
				CLANG_WARN_RANGE_LOOP_ANALYSIS = YES;
				CLANG_WARN_STRICT_PROTOTYPES = YES;
				CLANG_WARN_SUSPICIOUS_MOVE = YES;
				CLANG_WARN_UNGUARDED_AVAILABILITY = YES_AGGRESSIVE;
				CLANG_WARN_UNREACHABLE_CODE = YES;
				CLANG_WARN__DUPLICATE_METHOD_MATCH = YES;
				COPY_PHASE_STRIP = NO;
				DEBUG_INFORMATION_FORMAT = dwarf;
				ENABLE_STRICT_OBJC_MSGSEND = YES;
				ENABLE_TESTABILITY = YES;
				GCC_C_LANGUAGE_STANDARD = gnu11;
				GCC_DYNAMIC_NO_PIC = NO;
				GCC_NO_COMMON_BLOCKS = YES;
				GCC_OPTIMIZATION_LEVEL = 0;
				GCC_PREPROCESSOR_DEFINITIONS = (
					"DEBUG=1",
					"$(inherited)",
				);
				GCC_WARN_64_TO_32_BIT_CONVERSION = YES;
				GCC_WARN_ABOUT_RETURN_TYPE = YES_ERROR;
				GCC_WARN_UNDECLARED_SELECTOR = YES;
				GCC_WARN_UNINITIALIZED_AUTOS = YES_AGGRESSIVE;
				GCC_WARN_UNUSED_FUNCTION = YES;
				GCC_WARN_UNUSED_VARIABLE = YES;
				IPHONEOS_DEPLOYMENT_TARGET = 13.4;
				MTL_ENABLE_DEBUG_INFO = INCLUDE_SOURCE;
				MTL_FAST_MATH = YES;
				ONLY_ACTIVE_ARCH = YES;
				SDKROOT = iphoneos;
				SWIFT_ACTIVE_COMPILATION_CONDITIONS = DEBUG;
				SWIFT_OPTIMIZATION_LEVEL = "-Onone";
			};
			name = Debug;
		};
		F7AF2C452C595A88003831AC /* Release */ = {
			isa = XCBuildConfiguration;
			buildSettings = {
				ALWAYS_SEARCH_USER_PATHS = NO;
				CLANG_ANALYZER_NONNULL = YES;
				CLANG_ANALYZER_NUMBER_OBJECT_CONVERSION = YES_AGGRESSIVE;
				CLANG_CXX_LANGUAGE_STANDARD = "gnu++20";
				CLANG_ENABLE_MODULES = YES;
				CLANG_ENABLE_OBJC_ARC = YES;
				CLANG_ENABLE_OBJC_WEAK = YES;
				CLANG_WARN_BLOCK_CAPTURE_AUTORELEASING = YES;
				CLANG_WARN_BOOL_CONVERSION = YES;
				CLANG_WARN_COMMA = YES;
				CLANG_WARN_CONSTANT_CONVERSION = YES;
				CLANG_WARN_DEPRECATED_OBJC_IMPLEMENTATIONS = YES;
				CLANG_WARN_DIRECT_OBJC_ISA_USAGE = YES_ERROR;
				CLANG_WARN_DOCUMENTATION_COMMENTS = YES;
				CLANG_WARN_EMPTY_BODY = YES;
				CLANG_WARN_ENUM_CONVERSION = YES;
				CLANG_WARN_INFINITE_RECURSION = YES;
				CLANG_WARN_INT_CONVERSION = YES;
				CLANG_WARN_NON_LITERAL_NULL_CONVERSION = YES;
				CLANG_WARN_OBJC_IMPLICIT_RETAIN_SELF = YES;
				CLANG_WARN_OBJC_LITERAL_CONVERSION = YES;
				CLANG_WARN_OBJC_ROOT_CLASS = YES_ERROR;
				CLANG_WARN_QUOTED_INCLUDE_IN_FRAMEWORK_HEADER = YES;
				CLANG_WARN_RANGE_LOOP_ANALYSIS = YES;
				CLANG_WARN_STRICT_PROTOTYPES = YES;
				CLANG_WARN_SUSPICIOUS_MOVE = YES;
				CLANG_WARN_UNGUARDED_AVAILABILITY = YES_AGGRESSIVE;
				CLANG_WARN_UNREACHABLE_CODE = YES;
				CLANG_WARN__DUPLICATE_METHOD_MATCH = YES;
				COPY_PHASE_STRIP = NO;
				DEBUG_INFORMATION_FORMAT = "dwarf-with-dsym";
				ENABLE_NS_ASSERTIONS = NO;
				ENABLE_STRICT_OBJC_MSGSEND = YES;
				GCC_C_LANGUAGE_STANDARD = gnu11;
				GCC_NO_COMMON_BLOCKS = YES;
				GCC_WARN_64_TO_32_BIT_CONVERSION = YES;
				GCC_WARN_ABOUT_RETURN_TYPE = YES_ERROR;
				GCC_WARN_UNDECLARED_SELECTOR = YES;
				GCC_WARN_UNINITIALIZED_AUTOS = YES_AGGRESSIVE;
				GCC_WARN_UNUSED_FUNCTION = YES;
				GCC_WARN_UNUSED_VARIABLE = YES;
				IPHONEOS_DEPLOYMENT_TARGET = 13.4;
				MTL_ENABLE_DEBUG_INFO = NO;
				MTL_FAST_MATH = YES;
				SDKROOT = iphoneos;
				SWIFT_COMPILATION_MODE = wholemodule;
				SWIFT_OPTIMIZATION_LEVEL = "-O";
				VALIDATE_PRODUCT = YES;
			};
			name = Release;
		};
		F7AF2C472C595A88003831AC /* Debug */ = {
			isa = XCBuildConfiguration;
			buildSettings = {
				ASSETCATALOG_COMPILER_APPICON_NAME = AppIcon;
				ASSETCATALOG_COMPILER_GLOBAL_ACCENT_COLOR_NAME = AccentColor;
				CODE_SIGN_STYLE = Automatic;
				CURRENT_PROJECT_VERSION = 1;
				DEVELOPMENT_TEAM = 4U62Q8ST39;
				GENERATE_INFOPLIST_FILE = YES;
				INFOPLIST_FILE = Tracker/Info.plist;
				INFOPLIST_KEY_UIApplicationSupportsIndirectInputEvents = YES;
				INFOPLIST_KEY_UILaunchStoryboardName = LaunchScreen;
				INFOPLIST_KEY_UISupportedInterfaceOrientations = UIInterfaceOrientationPortrait;
				INFOPLIST_KEY_UISupportedInterfaceOrientations_iPad = UIInterfaceOrientationPortrait;
				IPHONEOS_DEPLOYMENT_TARGET = 13.4;
				LD_RUNPATH_SEARCH_PATHS = (
					"$(inherited)",
					"@executable_path/Frameworks",
				);
				MARKETING_VERSION = 1.0;
				PRODUCT_BUNDLE_IDENTIFIER = ru.swiftappsme.Tracker;
				PRODUCT_NAME = "$(TARGET_NAME)";
				SUPPORTED_PLATFORMS = "iphoneos iphonesimulator";
				SUPPORTS_MACCATALYST = NO;
				SUPPORTS_MAC_DESIGNED_FOR_IPHONE_IPAD = YES;
				SWIFT_EMIT_LOC_STRINGS = YES;
				SWIFT_VERSION = 5.0;
				TARGETED_DEVICE_FAMILY = 1;
			};
			name = Debug;
		};
		F7AF2C482C595A88003831AC /* Release */ = {
			isa = XCBuildConfiguration;
			buildSettings = {
				ASSETCATALOG_COMPILER_APPICON_NAME = AppIcon;
				ASSETCATALOG_COMPILER_GLOBAL_ACCENT_COLOR_NAME = AccentColor;
				CODE_SIGN_STYLE = Automatic;
				CURRENT_PROJECT_VERSION = 1;
				DEVELOPMENT_TEAM = 4U62Q8ST39;
				GENERATE_INFOPLIST_FILE = YES;
				INFOPLIST_FILE = Tracker/Info.plist;
				INFOPLIST_KEY_UIApplicationSupportsIndirectInputEvents = YES;
				INFOPLIST_KEY_UILaunchStoryboardName = LaunchScreen;
				INFOPLIST_KEY_UISupportedInterfaceOrientations = UIInterfaceOrientationPortrait;
				INFOPLIST_KEY_UISupportedInterfaceOrientations_iPad = UIInterfaceOrientationPortrait;
				IPHONEOS_DEPLOYMENT_TARGET = 13.4;
				LD_RUNPATH_SEARCH_PATHS = (
					"$(inherited)",
					"@executable_path/Frameworks",
				);
				MARKETING_VERSION = 1.0;
				PRODUCT_BUNDLE_IDENTIFIER = ru.swiftappsme.Tracker;
				PRODUCT_NAME = "$(TARGET_NAME)";
				SUPPORTED_PLATFORMS = "iphoneos iphonesimulator";
				SUPPORTS_MACCATALYST = NO;
				SUPPORTS_MAC_DESIGNED_FOR_IPHONE_IPAD = YES;
				SWIFT_EMIT_LOC_STRINGS = YES;
				SWIFT_VERSION = 5.0;
				TARGETED_DEVICE_FAMILY = 1;
			};
			name = Release;
		};
/* End XCBuildConfiguration section */

/* Begin XCConfigurationList section */
		F7AF2C2D2C595A86003831AC /* Build configuration list for PBXProject "Tracker" */ = {
			isa = XCConfigurationList;
			buildConfigurations = (
				F7AF2C442C595A88003831AC /* Debug */,
				F7AF2C452C595A88003831AC /* Release */,
			);
			defaultConfigurationIsVisible = 0;
			defaultConfigurationName = Release;
		};
		F7AF2C462C595A88003831AC /* Build configuration list for PBXNativeTarget "Tracker" */ = {
			isa = XCConfigurationList;
			buildConfigurations = (
				F7AF2C472C595A88003831AC /* Debug */,
				F7AF2C482C595A88003831AC /* Release */,
			);
			defaultConfigurationIsVisible = 0;
			defaultConfigurationName = Release;
		};
/* End XCConfigurationList section */
	};
	rootObject = F7AF2C2A2C595A86003831AC /* Project object */;
}
